
Microsoft Visual Studio Solution File, Format Version 12.00
# Visual Studio Version 17
VisualStudioVersion = 17.12.35707.178 d17.12
MinimumVisualStudioVersion = 10.0.40219.1
Project("{FAE04EC0-301F-11D3-BF4B-00C04F79EFBC}") = "microservices.CatalogAPI", "microservices.CatalogAPI\microservices.CatalogAPI.csproj", "{B481F725-02C8-4710-A7BC-48D95BAA0F5C}"
EndProject
Project("{FAE04EC0-301F-11D3-BF4B-00C04F79EFBC}") = "microservices.UserAPI", "microservices.UserAPI\microservices.UserAPI.csproj", "{17ED1B65-7D59-4CB3-8153-FFB1B6E62860}"
EndProject
Project("{FAE04EC0-301F-11D3-BF4B-00C04F79EFBC}") = "microservice.SupplyAPI", "microservice.SupplyAPI\microservice.SupplyAPI.csproj", "{09CEB560-4B21-413C-8014-02BEBE11988A}"
EndProject
Project("{FAE04EC0-301F-11D3-BF4B-00C04F79EFBC}") = "microservices.ApiGateway", "microservices.ApiGateway\microservices.ApiGateway.csproj", "{5AB3DF09-E8EA-44D6-9602-BEED0D211473}"
EndProject
Project("{FAE04EC0-301F-11D3-BF4B-00C04F79EFBC}") = "microservices.OrderAPI", "microservices.OrderAPI\microservices.OrderAPI.csproj", "{CED5A94D-FF35-4464-AFCA-A0A5CC530727}"
EndProject
Project("{FAE04EC0-301F-11D3-BF4B-00C04F79EFBC}") = "microservices.ReviewAPI", "microservices.ReviewAPI\microservices.ReviewAPI.csproj", "{6CF80A3D-0F33-4B13-B763-4B98289524EC}"
EndProject
Project("{FAE04EC0-301F-11D3-BF4B-00C04F79EFBC}") = "microservices.AnalizeAPI", "microservices.AnalizeAPI\microservices.AnalizeAPI.csproj", "{C586C667-7820-4F3C-A00F-E500E783C282}"
EndProject
Project("{2150E333-8FDC-42A3-9474-1A3956D46DE8}") = "Tests", "Tests", "{1CFFB81D-05C8-40E1-9294-7BFD3032E425}"
EndProject
Project("{FAE04EC0-301F-11D3-BF4B-00C04F79EFBC}") = "TestMicroservices", "TestMicroservices\TestMicroservices.csproj", "{BA9BD492-BF83-40C8-8E7D-B29477387EAC}"
EndProject
Global
	GlobalSection(SolutionConfigurationPlatforms) = preSolution
		Debug|Any CPU = Debug|Any CPU
		Release|Any CPU = Release|Any CPU
	EndGlobalSection
	GlobalSection(ProjectConfigurationPlatforms) = postSolution
		{B481F725-02C8-4710-A7BC-48D95BAA0F5C}.Debug|Any CPU.ActiveCfg = Debug|Any CPU
		{B481F725-02C8-4710-A7BC-48D95BAA0F5C}.Debug|Any CPU.Build.0 = Debug|Any CPU
		{B481F725-02C8-4710-A7BC-48D95BAA0F5C}.Release|Any CPU.ActiveCfg = Release|Any CPU
		{B481F725-02C8-4710-A7BC-48D95BAA0F5C}.Release|Any CPU.Build.0 = Release|Any CPU
		{17ED1B65-7D59-4CB3-8153-FFB1B6E62860}.Debug|Any CPU.ActiveCfg = Debug|Any CPU
		{17ED1B65-7D59-4CB3-8153-FFB1B6E62860}.Debug|Any CPU.Build.0 = Debug|Any CPU
		{17ED1B65-7D59-4CB3-8153-FFB1B6E62860}.Release|Any CPU.ActiveCfg = Release|Any CPU
		{17ED1B65-7D59-4CB3-8153-FFB1B6E62860}.Release|Any CPU.Build.0 = Release|Any CPU
		{09CEB560-4B21-413C-8014-02BEBE11988A}.Debug|Any CPU.ActiveCfg = Debug|Any CPU
		{09CEB560-4B21-413C-8014-02BEBE11988A}.Debug|Any CPU.Build.0 = Debug|Any CPU
		{09CEB560-4B21-413C-8014-02BEBE11988A}.Release|Any CPU.ActiveCfg = Release|Any CPU
		{09CEB560-4B21-413C-8014-02BEBE11988A}.Release|Any CPU.Build.0 = Release|Any CPU
		{5AB3DF09-E8EA-44D6-9602-BEED0D211473}.Debug|Any CPU.ActiveCfg = Debug|Any CPU
		{5AB3DF09-E8EA-44D6-9602-BEED0D211473}.Debug|Any CPU.Build.0 = Debug|Any CPU
		{5AB3DF09-E8EA-44D6-9602-BEED0D211473}.Release|Any CPU.ActiveCfg = Release|Any CPU
		{5AB3DF09-E8EA-44D6-9602-BEED0D211473}.Release|Any CPU.Build.0 = Release|Any CPU
		{CED5A94D-FF35-4464-AFCA-A0A5CC530727}.Debug|Any CPU.ActiveCfg = Debug|Any CPU
		{CED5A94D-FF35-4464-AFCA-A0A5CC530727}.Debug|Any CPU.Build.0 = Debug|Any CPU
		{CED5A94D-FF35-4464-AFCA-A0A5CC530727}.Release|Any CPU.ActiveCfg = Release|Any CPU
		{CED5A94D-FF35-4464-AFCA-A0A5CC530727}.Release|Any CPU.Build.0 = Release|Any CPU
		{6CF80A3D-0F33-4B13-B763-4B98289524EC}.Debug|Any CPU.ActiveCfg = Debug|Any CPU
		{6CF80A3D-0F33-4B13-B763-4B98289524EC}.Debug|Any CPU.Build.0 = Debug|Any CPU
		{6CF80A3D-0F33-4B13-B763-4B98289524EC}.Release|Any CPU.ActiveCfg = Release|Any CPU
		{6CF80A3D-0F33-4B13-B763-4B98289524EC}.Release|Any CPU.Build.0 = Release|Any CPU
		{C586C667-7820-4F3C-A00F-E500E783C282}.Debug|Any CPU.ActiveCfg = Debug|Any CPU
		{C586C667-7820-4F3C-A00F-E500E783C282}.Debug|Any CPU.Build.0 = Debug|Any CPU
		{C586C667-7820-4F3C-A00F-E500E783C282}.Release|Any CPU.ActiveCfg = Release|Any CPU
		{C586C667-7820-4F3C-A00F-E500E783C282}.Release|Any CPU.Build.0 = Release|Any CPU
		{BA9BD492-BF83-40C8-8E7D-B29477387EAC}.Debug|Any CPU.ActiveCfg = Debug|Any CPU
		{BA9BD492-BF83-40C8-8E7D-B29477387EAC}.Debug|Any CPU.Build.0 = Debug|Any CPU
		{BA9BD492-BF83-40C8-8E7D-B29477387EAC}.Release|Any CPU.ActiveCfg = Release|Any CPU
		{BA9BD492-BF83-40C8-8E7D-B29477387EAC}.Release|Any CPU.Build.0 = Release|Any CPU
	EndGlobalSection
	GlobalSection(SolutionProperties) = preSolution
		HideSolutionNode = FALSE
	EndGlobalSection
	GlobalSection(NestedProjects) = preSolution
		{BA9BD492-BF83-40C8-8E7D-B29477387EAC} = {1CFFB81D-05C8-40E1-9294-7BFD3032E425}
	EndGlobalSection
	GlobalSection(ExtensibilityGlobals) = postSolution
		SolutionGuid = {613706F4-622E-416A-A6E7-C0F9B67319B8}
	EndGlobalSection
EndGlobal
